
Microsoft Visual Studio Solution File, Format Version 12.00
# Visual Studio 15
VisualStudioVersion = 15.0.26430.16
MinimumVisualStudioVersion = 10.0.40219.1
Project("{FAE04EC0-301F-11D3-BF4B-00C04F79EFBC}") = "WpfApp2", "WpfApp2\WpfApp2.csproj", "{1216AF3E-8ECC-4202-A1CB-46635036A62E}"
EndProject
Project("{FAE04EC0-301F-11D3-BF4B-00C04F79EFBC}") = "DAL", "DAL\DAL.csproj", "{B827B5EC-098C-46BA-B5B6-320B88C13E51}"
EndProject
Project("{FAE04EC0-301F-11D3-BF4B-00C04F79EFBC}") = "BLL", "BLL\BLL.csproj", "{7F352033-6513-4FC0-93FF-F6701186FC67}"
	ProjectSection(ProjectDependencies) = postProject
		{B827B5EC-098C-46BA-B5B6-320B88C13E51} = {B827B5EC-098C-46BA-B5B6-320B88C13E51}
	EndProjectSection
EndProject
Project("{FAE04EC0-301F-11D3-BF4B-00C04F79EFBC}") = "ConsoleApp1", "ConsoleApp1\ConsoleApp1.csproj", "{C48B3D76-2EDA-4E27-A52D-8048E0EA2685}"
	ProjectSection(ProjectDependencies) = postProject
		{7F352033-6513-4FC0-93FF-F6701186FC67} = {7F352033-6513-4FC0-93FF-F6701186FC67}
	EndProjectSection
EndProject
Global
	GlobalSection(SolutionConfigurationPlatforms) = preSolution
		Debug|Any CPU = Debug|Any CPU
		Release|Any CPU = Release|Any CPU
	EndGlobalSection
	GlobalSection(ProjectConfigurationPlatforms) = postSolution
		{1216AF3E-8ECC-4202-A1CB-46635036A62E}.Debug|Any CPU.ActiveCfg = Debug|Any CPU
		{1216AF3E-8ECC-4202-A1CB-46635036A62E}.Debug|Any CPU.Build.0 = Debug|Any CPU
		{1216AF3E-8ECC-4202-A1CB-46635036A62E}.Release|Any CPU.ActiveCfg = Release|Any CPU
		{1216AF3E-8ECC-4202-A1CB-46635036A62E}.Release|Any CPU.Build.0 = Release|Any CPU
		{B827B5EC-098C-46BA-B5B6-320B88C13E51}.Debug|Any CPU.ActiveCfg = Debug|Any CPU
		{B827B5EC-098C-46BA-B5B6-320B88C13E51}.Debug|Any CPU.Build.0 = Debug|Any CPU
		{B827B5EC-098C-46BA-B5B6-320B88C13E51}.Release|Any CPU.ActiveCfg = Release|Any CPU
		{B827B5EC-098C-46BA-B5B6-320B88C13E51}.Release|Any CPU.Build.0 = Release|Any CPU
		{7F352033-6513-4FC0-93FF-F6701186FC67}.Debug|Any CPU.ActiveCfg = Debug|Any CPU
		{7F352033-6513-4FC0-93FF-F6701186FC67}.Debug|Any CPU.Build.0 = Debug|Any CPU
		{7F352033-6513-4FC0-93FF-F6701186FC67}.Release|Any CPU.ActiveCfg = Release|Any CPU
		{7F352033-6513-4FC0-93FF-F6701186FC67}.Release|Any CPU.Build.0 = Release|Any CPU
		{C48B3D76-2EDA-4E27-A52D-8048E0EA2685}.Debug|Any CPU.ActiveCfg = Debug|Any CPU
		{C48B3D76-2EDA-4E27-A52D-8048E0EA2685}.Debug|Any CPU.Build.0 = Debug|Any CPU
		{C48B3D76-2EDA-4E27-A52D-8048E0EA2685}.Release|Any CPU.ActiveCfg = Release|Any CPU
		{C48B3D76-2EDA-4E27-A52D-8048E0EA2685}.Release|Any CPU.Build.0 = Release|Any CPU
	EndGlobalSection
	GlobalSection(SolutionProperties) = preSolution
		HideSolutionNode = FALSE
	EndGlobalSection
EndGlobal
